
Microsoft Visual Studio Solution File, Format Version 12.00
# Visual Studio Version 17
VisualStudioVersion = 17.7.34202.233
MinimumVisualStudioVersion = 10.0.40219.1
Project("{FAE04EC0-301F-11D3-BF4B-00C04F79EFBC}") = "BookStoreMVC", "BookStoreMVC.csproj", "{3777583C-E75C-405F-9470-6A951AE342AA}"
EndProject
Global
	GlobalSection(SolutionConfigurationPlatforms) = preSolution
		Debug|Any CPU = Debug|Any CPU
		Release|Any CPU = Release|Any CPU
	EndGlobalSection
	GlobalSection(ProjectConfigurationPlatforms) = postSolution
		{3777583C-E75C-405F-9470-6A951AE342AA}.Debug|Any CPU.ActiveCfg = Debug|Any CPU
		{3777583C-E75C-405F-9470-6A951AE342AA}.Debug|Any CPU.Build.0 = Debug|Any CPU
		{3777583C-E75C-405F-9470-6A951AE342AA}.Release|Any CPU.ActiveCfg = Release|Any CPU
		{3777583C-E75C-405F-9470-6A951AE342AA}.Release|Any CPU.Build.0 = Release|Any CPU
	EndGlobalSection
	GlobalSection(SolutionProperties) = preSolution
		HideSolutionNode = FALSE
	EndGlobalSection
	GlobalSection(ExtensibilityGlobals) = postSolution
		SolutionGuid = {B0E61A8A-C8D8-462B-BA9A-7960157D8000}
	EndGlobalSection
EndGlobal
